schema: '2.0'
stages:
  data_ingestion:
    cmd: python src/data_ingestion.py
    deps:
    - path: src/data_ingestion.py
      hash: md5
      md5: 1a461b1d5f0972e0e09270e698d43dc8
      size: 3453
    params:
      params.yaml:
        data_ingestion.test_size: 0.15
    outs:
    - path: data/raw
      hash: md5
      md5: a15ba66afdf82f8659b031b175286ed3.dir
      size: 484846
      nfiles: 2
  data_preprocessing:
    cmd: python src/data_preprocessing.py
    deps:
    - path: data/raw
      hash: md5
      md5: a15ba66afdf82f8659b031b175286ed3.dir
      size: 484846
      nfiles: 2
    - path: src/data_preprocessing.py
      hash: md5
      md5: 56c86330095d414e0cae8804bd1553a8
      size: 4069
    outs:
    - path: data/interim
      hash: md5
      md5: 87ebd114c41873b1de058899c2fd7d8c.dir
      size: 259164
      nfiles: 2
  feature_engineering:
    cmd: python src/feature_engineering.py
    deps:
    - path: data/interim
      hash: md5
      md5: 87ebd114c41873b1de058899c2fd7d8c.dir
      size: 259164
      nfiles: 2
    - path: src/feature_engineering.py
      hash: md5
      md5: b97603a5623c4b8a25af1dc4a5bffb40
      size: 3903
    params:
      params.yaml:
        feature_engineering.max_features: 45
    outs:
    - path: data/processed
      hash: md5
      md5: a4c66ee04e598616a0efc0acc0f748d2.dir
      size: 1063201
      nfiles: 2
  model_building:
    cmd: python src/model_building.py
    deps:
    - path: data/processed
      hash: md5
      md5: a4c66ee04e598616a0efc0acc0f748d2.dir
      size: 1063201
      nfiles: 2
    - path: src/model_building.py
      hash: md5
      md5: a8a5f6983686cc86bc5e2b5b79c0a41c
      size: 3288
    params:
      params.yaml:
        model_building.n_estimators: 20
        model_building.random_state: 2
    outs:
    - path: models/model.pkl
      hash: md5
      md5: 32a02c605a67fc3f41ac90ceb65d0415
      size: 790920
  model_evaluation:
    cmd: python src/model_evaluation.py
    deps:
    - path: models/model.pkl
      hash: md5
      md5: 32a02c605a67fc3f41ac90ceb65d0415
      size: 790920
    - path: src/model_evaluation.py
      hash: md5
      md5: 03831f1da4d7324870ce5dc3627403a3
      size: 3555
    outs:
    - path: reports/metrics.json
      hash: md5
      md5: 14fcd2a537ccecb8e1ac79a35eefb330
      size: 145
